// !$*UTF8*$!
{
	archiveVersion = 1;
	classes = {
	};
	objectVersion = 46;
	objects = {

/* Begin PBXBuildFile section */
		015960751E54F380009500C6 /* AppDelegate.swift in Sources */ = {isa = PBXBuildFile; fileRef = 015960741E54F380009500C6 /* AppDelegate.swift */; };
		0159607A1E54F380009500C6 /* Main.storyboard in Resources */ = {isa = PBXBuildFile; fileRef = 015960781E54F380009500C6 /* Main.storyboard */; };
		0159607C1E54F380009500C6 /* Assets.xcassets in Resources */ = {isa = PBXBuildFile; fileRef = 0159607B1E54F380009500C6 /* Assets.xcassets */; };
		0159607F1E54F380009500C6 /* LaunchScreen.storyboard in Resources */ = {isa = PBXBuildFile; fileRef = 0159607D1E54F380009500C6 /* LaunchScreen.storyboard */; };
		0159608E1E54F6B9009500C6 /* TaskDetailTableViewController.swift in Sources */ = {isa = PBXBuildFile; fileRef = 0159608D1E54F6B9009500C6 /* TaskDetailTableViewController.swift */; };
		015960901E54F72B009500C6 /* CoreDataStack.swift in Sources */ = {isa = PBXBuildFile; fileRef = 0159608F1E54F72B009500C6 /* CoreDataStack.swift */; };
		015960931E54F7AC009500C6 /* TasksApp.xcdatamodeld in Sources */ = {isa = PBXBuildFile; fileRef = 015960911E54F7AC009500C6 /* TasksApp.xcdatamodeld */; };
		015960951E54FB95009500C6 /* Task+Convenience.swift in Sources */ = {isa = PBXBuildFile; fileRef = 015960941E54FB95009500C6 /* Task+Convenience.swift */; };
		015960971E5503C4009500C6 /* TaskController.swift in Sources */ = {isa = PBXBuildFile; fileRef = 015960961E5503C4009500C6 /* TaskController.swift */; };
		015960991E552E02009500C6 /* DateHelper.swift in Sources */ = {isa = PBXBuildFile; fileRef = 015960981E552E02009500C6 /* DateHelper.swift */; };
		0159609B1E553A2C009500C6 /* ButtonTableViewCell.swift in Sources */ = {isa = PBXBuildFile; fileRef = 0159609A1E553A2C009500C6 /* ButtonTableViewCell.swift */; };
/* End PBXBuildFile section */

/* Begin PBXFileReference section */
		015960711E54F380009500C6 /* TasksApp.app */ = {isa = PBXFileReference; explicitFileType = wrapper.application; includeInIndex = 0; path = TasksApp.app; sourceTree = BUILT_PRODUCTS_DIR; };
		015960741E54F380009500C6 /* AppDelegate.swift */ = {isa = PBXFileReference; lastKnownFileType = sourcecode.swift; path = AppDelegate.swift; sourceTree = "<group>"; };
		015960791E54F380009500C6 /* Base */ = {isa = PBXFileReference; lastKnownFileType = file.storyboard; name = Base; path = Base.lproj/Main.storyboard; sourceTree = "<group>"; };
		0159607B1E54F380009500C6 /* Assets.xcassets */ = {isa = PBXFileReference; lastKnownFileType = folder.assetcatalog; path = Assets.xcassets; sourceTree = "<group>"; };
		0159607E1E54F380009500C6 /* Base */ = {isa = PBXFileReference; lastKnownFileType = file.storyboard; name = Base; path = Base.lproj/LaunchScreen.storyboard; sourceTree = "<group>"; };
		015960801E54F380009500C6 /* Info.plist */ = {isa = PBXFileReference; lastKnownFileType = text.plist.xml; path = Info.plist; sourceTree = "<group>"; };
		0159608D1E54F6B9009500C6 /* TaskDetailTableViewController.swift */ = {isa = PBXFileReference; fileEncoding = 4; lastKnownFileType = sourcecode.swift; path = TaskDetailTableViewController.swift; sourceTree = "<group>"; };
		0159608F1E54F72B009500C6 /* CoreDataStack.swift */ = {isa = PBXFileReference; fileEncoding = 4; lastKnownFileType = sourcecode.swift; path = CoreDataStack.swift; sourceTree = "<group>"; };
		015960921E54F7AC009500C6 /* TasksApp.xcdatamodel */ = {isa = PBXFileReference; lastKnownFileType = wrapper.xcdatamodel; path = TasksApp.xcdatamodel; sourceTree = "<group>"; };
		015960941E54FB95009500C6 /* Task+Convenience.swift */ = {isa = PBXFileReference; fileEncoding = 4; lastKnownFileType = sourcecode.swift; path = "Task+Convenience.swift"; sourceTree = "<group>"; };
		015960961E5503C4009500C6 /* TaskController.swift */ = {isa = PBXFileReference; fileEncoding = 4; lastKnownFileType = sourcecode.swift; path = TaskController.swift; sourceTree = "<group>"; };
		015960981E552E02009500C6 /* DateHelper.swift */ = {isa = PBXFileReference; fileEncoding = 4; lastKnownFileType = sourcecode.swift; path = DateHelper.swift; sourceTree = "<group>"; };
		0159609A1E553A2C009500C6 /* ButtonTableViewCell.swift */ = {isa = PBXFileReference; fileEncoding = 4; lastKnownFileType = sourcecode.swift; path = ButtonTableViewCell.swift; sourceTree = "<group>"; };
/* End PBXFileReference section */

/* Begin PBXFrameworksBuildPhase section */
		0159606E1E54F380009500C6 /* Frameworks */ = {
			isa = PBXFrameworksBuildPhase;
			buildActionMask = 2147483647;
			files = (
			);
			runOnlyForDeploymentPostprocessing = 0;
		};
/* End PBXFrameworksBuildPhase section */

/* Begin PBXGroup section */
		015960681E54F380009500C6 = {
			isa = PBXGroup;
			children = (
				015960731E54F380009500C6 /* TasksApp */,
				015960721E54F380009500C6 /* Products */,
			);
			sourceTree = "<group>";
		};
		015960721E54F380009500C6 /* Products */ = {
			isa = PBXGroup;
			children = (
				015960711E54F380009500C6 /* TasksApp.app */,
			);
			name = Products;
			sourceTree = "<group>";
		};
		015960731E54F380009500C6 /* TasksApp */ = {
			isa = PBXGroup;
			children = (
				015960781E54F380009500C6 /* Main.storyboard */,
				0159608B1E54F5D7009500C6 /* Model */,
				0159608A1E54F5CC009500C6 /* Model Controller */,
				015960891E54F5C4009500C6 /* View Controller */,
				015960881E54F5BE009500C6 /* View */,
				0159608C1E54F5DF009500C6 /* Resources */,
			);
			path = TasksApp;
			sourceTree = "<group>";
		};
		015960881E54F5BE009500C6 /* View */ = {
			isa = PBXGroup;
			children = (
				0159609A1E553A2C009500C6 /* ButtonTableViewCell.swift */,
			);
			name = View;
			sourceTree = "<group>";
		};
		015960891E54F5C4009500C6 /* View Controller */ = {
			isa = PBXGroup;
			children = (
				0159608D1E54F6B9009500C6 /* TaskDetailTableViewController.swift */,
			);
			name = "View Controller";
			sourceTree = "<group>";
		};
		0159608A1E54F5CC009500C6 /* Model Controller */ = {
			isa = PBXGroup;
			children = (
				015960961E5503C4009500C6 /* TaskController.swift */,
				015960981E552E02009500C6 /* DateHelper.swift */,
			);
			name = "Model Controller";
			sourceTree = "<group>";
		};
		0159608B1E54F5D7009500C6 /* Model */ = {
			isa = PBXGroup;
			children = (
				0159608F1E54F72B009500C6 /* CoreDataStack.swift */,
				015960911E54F7AC009500C6 /* TasksApp.xcdatamodeld */,
				015960941E54FB95009500C6 /* Task+Convenience.swift */,
			);
			name = Model;
			sourceTree = "<group>";
		};
		0159608C1E54F5DF009500C6 /* Resources */ = {
			isa = PBXGroup;
			children = (
				015960801E54F380009500C6 /* Info.plist */,
				0159607D1E54F380009500C6 /* LaunchScreen.storyboard */,
				0159607B1E54F380009500C6 /* Assets.xcassets */,
				015960741E54F380009500C6 /* AppDelegate.swift */,
			);
			name = Resources;
			sourceTree = "<group>";
		};
/* End PBXGroup section */

/* Begin PBXNativeTarget section */
		015960701E54F380009500C6 /* TasksApp */ = {
			isa = PBXNativeTarget;
			buildConfigurationList = 015960831E54F380009500C6 /* Build configuration list for PBXNativeTarget "TasksApp" */;
			buildPhases = (
				0159606D1E54F380009500C6 /* Sources */,
				0159606E1E54F380009500C6 /* Frameworks */,
				0159606F1E54F380009500C6 /* Resources */,
			);
			buildRules = (
			);
			dependencies = (
			);
			name = TasksApp;
			productName = TasksApp;
			productReference = 015960711E54F380009500C6 /* TasksApp.app */;
			productType = "com.apple.product-type.application";
		};
/* End PBXNativeTarget section */

/* Begin PBXProject section */
		015960691E54F380009500C6 /* Project object */ = {
			isa = PBXProject;
			attributes = {
				LastSwiftUpdateCheck = 0820;
				LastUpgradeCheck = 0820;
				ORGANIZATIONNAME = "Nick Reichard";
				TargetAttributes = {
					015960701E54F380009500C6 = {
						CreatedOnToolsVersion = 8.2.1;
						DevelopmentTeam = MU4CK45G4T;
						ProvisioningStyle = Automatic;
					};
				};
			};
			buildConfigurationList = 0159606C1E54F380009500C6 /* Build configuration list for PBXProject "TasksApp" */;
			compatibilityVersion = "Xcode 3.2";
			developmentRegion = English;
			hasScannedForEncodings = 0;
			knownRegions = (
				en,
				Base,
			);
			mainGroup = 015960681E54F380009500C6;
			productRefGroup = 015960721E54F380009500C6 /* Products */;
			projectDirPath = "";
			projectRoot = "";
			targets = (
				015960701E54F380009500C6 /* TasksApp */,
			);
		};
/* End PBXProject section */

/* Begin PBXResourcesBuildPhase section */
		0159606F1E54F380009500C6 /* Resources */ = {
			isa = PBXResourcesBuildPhase;
			buildActionMask = 2147483647;
			files = (
				0159607F1E54F380009500C6 /* LaunchScreen.storyboard in Resources */,
				0159607C1E54F380009500C6 /* Assets.xcassets in Resources */,
				0159607A1E54F380009500C6 /* Main.storyboard in Resources */,
			);
			runOnlyForDeploymentPostprocessing = 0;
		};
/* End PBXResourcesBuildPhase section */

/* Begin PBXSourcesBuildPhase section */
		0159606D1E54F380009500C6 /* Sources */ = {
			isa = PBXSourcesBuildPhase;
			buildActionMask = 2147483647;
			files = (
				0159609B1E553A2C009500C6 /* ButtonTableViewCell.swift in Sources */,
				015960971E5503C4009500C6 /* TaskController.swift in Sources */,
				015960991E552E02009500C6 /* DateHelper.swift in Sources */,
				015960931E54F7AC009500C6 /* TasksApp.xcdatamodeld in Sources */,
				015960951E54FB95009500C6 /* Task+Convenience.swift in Sources */,
				015960751E54F380009500C6 /* AppDelegate.swift in Sources */,
				0159608E1E54F6B9009500C6 /* TaskDetailTableViewController.swift in Sources */,
				015960901E54F72B009500C6 /* CoreDataStack.swift in Sources */,
			);
			runOnlyForDeploymentPostprocessing = 0;
		};
/* End PBXSourcesBuildPhase section */

/* Begin PBXVariantGroup section */
		015960781E54F380009500C6 /* Main.storyboard */ = {
			isa = PBXVariantGroup;
			children = (
				015960791E54F380009500C6 /* Base */,
			);
			name = Main.storyboard;
			sourceTree = "<group>";
		};
		0159607D1E54F380009500C6 /* LaunchScreen.storyboard */ = {
			isa = PBXVariantGroup;
			children = (
				0159607E1E54F380009500C6 /* Base */,
			);
			name = LaunchScreen.storyboard;
			sourceTree = "<group>";
		};
/* End PBXVariantGroup section */

/* Begin XCBuildConfiguration section */
		015960811E54F380009500C6 /* Debug */ = {
			isa = XCBuildConfiguration;
			buildSettings = {
				ALWAYS_SEARCH_USER_PATHS = NO;
				CLANG_ANALYZER_NONNULL = YES;
				CLANG_CXX_LANGUAGE_STANDARD = "gnu++0x";
				CLANG_CXX_LIBRARY = "libc++";
				CLANG_ENABLE_MODULES = YES;
				CLANG_ENABLE_OBJC_ARC = YES;
				CLANG_WARN_BOOL_CONVERSION = YES;
				CLANG_WARN_CONSTANT_CONVERSION = YES;
				CLANG_WARN_DIRECT_OBJC_ISA_USAGE = YES_ERROR;
				CLANG_WARN_DOCUMENTATION_COMMENTS = YES;
				CLANG_WARN_EMPTY_BODY = YES;
				CLANG_WARN_ENUM_CONVERSION = YES;
				CLANG_WARN_INFINITE_RECURSION = YES;
				CLANG_WARN_INT_CONVERSION = YES;
				CLANG_WARN_OBJC_ROOT_CLASS = YES_ERROR;
				CLANG_WARN_SUSPICIOUS_MOVE = YES;
				CLANG_WARN_UNREACHABLE_CODE = YES;
				CLANG_WARN__DUPLICATE_METHOD_MATCH = YES;
				"CODE_SIGN_IDENTITY[sdk=iphoneos*]" = "iPhone Developer";
				COPY_PHASE_STRIP = NO;
				DEBUG_INFORMATION_FORMAT = dwarf;
				ENABLE_STRICT_OBJC_MSGSEND = YES;
				ENABLE_TESTABILITY = YES;
				GCC_C_LANGUAGE_STANDARD = gnu99;
				GCC_DYNAMIC_NO_PIC = NO;
				GCC_NO_COMMON_BLOCKS = YES;
				GCC_OPTIMIZATION_LEVEL = 0;
				GCC_PREPROCESSOR_DEFINITIONS = (
					"DEBUG=1",
					"$(inherited)",
				);
				GCC_WARN_64_TO_32_BIT_CONVERSION = YES;
				GCC_WARN_ABOUT_RETURN_TYPE = YES_ERROR;
				GCC_WARN_UNDECLARED_SELECTOR = YES;
				GCC_WARN_UNINITIALIZED_AUTOS = YES_AGGRESSIVE;
				GCC_WARN_UNUSED_FUNCTION = YES;
				GCC_WARN_UNUSED_VARIABLE = YES;
				IPHONEOS_DEPLOYMENT_TARGET = 10.2;
				MTL_ENABLE_DEBUG_INFO = YES;
				ONLY_ACTIVE_ARCH = YES;
				SDKROOT = iphoneos;
				SWIFT_ACTIVE_COMPILATION_CONDITIONS = DEBUG;
				SWIFT_OPTIMIZATION_LEVEL = "-Onone";
				TARGETED_DEVICE_FAMILY = "1,2";
			};
			name = Debug;
		};
		015960821E54F380009500C6 /* Release */ = {
			isa = XCBuildConfiguration;
			buildSettings = {
				ALWAYS_SEARCH_USER_PATHS = NO;
				CLANG_ANALYZER_NONNULL = YES;
				CLANG_CXX_LANGUAGE_STANDARD = "gnu++0x";
				CLANG_CXX_LIBRARY = "libc++";
				CLANG_ENABLE_MODULES = YES;
				CLANG_ENABLE_OBJC_ARC = YES;
				CLANG_WARN_BOOL_CONVERSION = YES;
				CLANG_WARN_CONSTANT_CONVERSION = YES;
				CLANG_WARN_DIRECT_OBJC_ISA_USAGE = YES_ERROR;
				CLANG_WARN_DOCUMENTATION_COMMENTS = YES;
				CLANG_WARN_EMPTY_BODY = YES;
				CLANG_WARN_ENUM_CONVERSION = YES;
				CLANG_WARN_INFINITE_RECURSION = YES;
				CLANG_WARN_INT_CONVERSION = YES;
				CLANG_WARN_OBJC_ROOT_CLASS = YES_ERROR;
				CLANG_WARN_SUSPICIOUS_MOVE = YES;
				CLANG_WARN_UNREACHABLE_CODE = YES;
				CLANG_WARN__DUPLICATE_METHOD_MATCH = YES;
				"CODE_SIGN_IDENTITY[sdk=iphoneos*]" = "iPhone Developer";
				COPY_PHASE_STRIP = NO;
				DEBUG_INFORMATION_FORMAT = "dwarf-with-dsym";
				ENABLE_NS_ASSERTIONS = NO;
				ENABLE_STRICT_OBJC_MSGSEND = YES;
				GCC_C_LANGUAGE_STANDARD = gnu99;
				GCC_NO_COMMON_BLOCKS = YES;
				GCC_WARN_64_TO_32_BIT_CONVERSION = YES;
				GCC_WARN_ABOUT_RETURN_TYPE = YES_ERROR;
				GCC_WARN_UNDECLARED_SELECTOR = YES;
				GCC_WARN_UNINITIALIZED_AUTOS = YES_AGGRESSIVE;
				GCC_WARN_UNUSED_FUNCTION = YES;
				GCC_WARN_UNUSED_VARIABLE = YES;
				IPHONEOS_DEPLOYMENT_TARGET = 10.2;
				MTL_ENABLE_DEBUG_INFO = NO;
				SDKROOT = iphoneos;
				SWIFT_OPTIMIZATION_LEVEL = "-Owholemodule";
				TARGETED_DEVICE_FAMILY = "1,2";
				VALIDATE_PRODUCT = YES;
			};
			name = Release;
		};
		015960841E54F380009500C6 /* Debug */ = {
			isa = XCBuildConfiguration;
			buildSettings = {
				ASSETCATALOG_COMPILER_APPICON_NAME = AppIcon;
				DEVELOPMENT_TEAM = MU4CK45G4T;
				INFOPLIST_FILE = TasksApp/Info.plist;
				LD_RUNPATH_SEARCH_PATHS = "$(inherited) @executable_path/Frameworks";
				PRODUCT_BUNDLE_IDENTIFIER = com.nickreichard..TasksApp;
				PRODUCT_NAME = "$(TARGET_NAME)";
				SWIFT_VERSION = 3.0;
			};
			name = Debug;
		};
		015960851E54F380009500C6 /* Release */ = {
			isa = XCBuildConfiguration;
			buildSettings = {
				ASSETCATALOG_COMPILER_APPICON_NAME = AppIcon;
				DEVELOPMENT_TEAM = MU4CK45G4T;
				INFOPLIST_FILE = TasksApp/Info.plist;
				LD_RUNPATH_SEARCH_PATHS = "$(inherited) @executable_path/Frameworks";
				PRODUCT_BUNDLE_IDENTIFIER = com.nickreichard..TasksApp;
				PRODUCT_NAME = "$(TARGET_NAME)";
				SWIFT_VERSION = 3.0;
			};
			name = Release;
		};
/* End XCBuildConfiguration section */

/* Begin XCConfigurationList section */
		0159606C1E54F380009500C6 /* Build configuration list for PBXProject "TasksApp" */ = {
			isa = XCConfigurationList;
			buildConfigurations = (
				015960811E54F380009500C6 /* Debug */,
				015960821E54F380009500C6 /* Release */,
			);
			defaultConfigurationIsVisible = 0;
			defaultConfigurationName = Release;
		};
		015960831E54F380009500C6 /* Build configuration list for PBXNativeTarget "TasksApp" */ = {
			isa = XCConfigurationList;
			buildConfigurations = (
				015960841E54F380009500C6 /* Debug */,
				015960851E54F380009500C6 /* Release */,
			);
			defaultConfigurationIsVisible = 0;
		};
/* End XCConfigurationList section */

/* Begin XCVersionGroup section */
		015960911E54F7AC009500C6 /* TasksApp.xcdatamodeld */ = {
			isa = XCVersionGroup;
			children = (
				015960921E54F7AC009500C6 /* TasksApp.xcdatamodel */,
			);
			currentVersion = 015960921E54F7AC009500C6 /* TasksApp.xcdatamodel */;
			path = TasksApp.xcdatamodeld;
			sourceTree = "<group>";
			versionGroupType = wrapper.xcdatamodel;
		};
/* End XCVersionGroup section */
	};
	rootObject = 015960691E54F380009500C6 /* Project object */;
}
